{
  "requires": true,
  "lockfileVersion": 1,
  "dependencies": {
    "bootstrap-icons": {
      "version": "1.2.1",
      "resolved": "https://registry.npmjs.org/bootstrap-icons/-/bootstrap-icons-1.2.1.tgz",
      "integrity": "sha512-c63G57gFN9Yz1Dmi1RRpBd+cm/Lil31nRsnYxX8VeC/2wTk1Z54OU4twyLAVpgj2lX2lyHx0M8+xhEdkr79RAg=="
    },
    "semantic-ui-button": {
      "version": "2.1.7",
      "resolved": "https://registry.npmjs.org/semantic-ui-button/-/semantic-ui-button-2.1.7.tgz",
      "integrity": "sha1-4oBmql4D9kmL8YIk4l1Q4VMWByQ="
    },
    "semantic-ui-card": {
      "version": "2.1.7",
      "resolved": "https://registry.npmjs.org/semantic-ui-card/-/semantic-ui-card-2.1.7.tgz",
      "integrity": "sha1-GbpXRqLFxtF9kehuUesnc/xEJ54="
    },
    "semantic-ui-dimmer": {
      "version": "2.1.7",
      "resolved": "https://registry.npmjs.org/semantic-ui-dimmer/-/semantic-ui-dimmer-2.1.7.tgz",
      "integrity": "sha1-uUvIYQC+/9roI+ywZbf+MyWWrWw="
    },
    "semantic-ui-flag": {
      "version": "2.1.7",
      "resolved": "https://registry.npmjs.org/semantic-ui-flag/-/semantic-ui-flag-2.1.7.tgz",
      "integrity": "sha1-lYTqGtVoAuQj9Q+o7Csa7hdXwgo="
    },
    "semantic-ui-grid": {
      "version": "2.1.7",
      "resolved": "https://registry.npmjs.org/semantic-ui-grid/-/semantic-ui-grid-2.1.7.tgz",
      "integrity": "sha1-fkIzEdhQVk2akavVFKjHYESgbbY="
    },
    "semantic-ui-icon": {
      "version": "2.1.7",
      "resolved": "https://registry.npmjs.org/semantic-ui-icon/-/semantic-ui-icon-2.1.7.tgz",
      "integrity": "sha1-D0lukDVB4+M93zrQPpnRCQVz7bs="
    }
  }
}
